
Microsoft Visual Studio Solution File, Format Version 12.00
# Visual Studio Version 16
VisualStudioVersion = 16.0.30804.86
MinimumVisualStudioVersion = 10.0.40219.1
Project("{FAE04EC0-301F-11D3-BF4B-00C04F79EFBC}") = "LongTengDragon", "LongTengDragon\LongTengDragon.csproj", "{AC288130-10E3-45A9-952B-111607AB476F}"
EndProject
Global
	GlobalSection(SolutionConfigurationPlatforms) = preSolution
		Debug|Any CPU = Debug|Any CPU
		Release|Any CPU = Release|Any CPU
	EndGlobalSection
	GlobalSection(ProjectConfigurationPlatforms) = postSolution
		{AC288130-10E3-45A9-952B-111607AB476F}.Debug|Any CPU.ActiveCfg = Debug|Any CPU
		{AC288130-10E3-45A9-952B-111607AB476F}.Debug|Any CPU.Build.0 = Debug|Any CPU
		{AC288130-10E3-45A9-952B-111607AB476F}.Release|Any CPU.ActiveCfg = Release|Any CPU
		{AC288130-10E3-45A9-952B-111607AB476F}.Release|Any CPU.Build.0 = Release|Any CPU
	EndGlobalSection
	GlobalSection(SolutionProperties) = preSolution
		HideSolutionNode = FALSE
	EndGlobalSection
	GlobalSection(ExtensibilityGlobals) = postSolution
		SolutionGuid = {7166117E-E7E6-4308-BDA9-B8D4BB8AD467}
	EndGlobalSection
EndGlobal
